
Microsoft Visual Studio Solution File, Format Version 12.00
# Visual Studio Version 17
VisualStudioVersion = 17.7.34031.279
MinimumVisualStudioVersion = 10.0.40219.1
Project("{9A19103F-16F7-4668-BE54-9A1E7A4F7556}") = "SeleniumScrapeWebsite", "SeleniumScrapeWebsite\SeleniumScrapeWebsite.csproj", "{30A8EB6B-1EC2-4B82-9726-067702974DC5}"
EndProject
Global
	GlobalSection(SolutionConfigurationPlatforms) = preSolution
		Debug|Any CPU = Debug|Any CPU
		Release|Any CPU = Release|Any CPU
	EndGlobalSection
	GlobalSection(ProjectConfigurationPlatforms) = postSolution
		{30A8EB6B-1EC2-4B82-9726-067702974DC5}.Debug|Any CPU.ActiveCfg = Debug|Any CPU
		{30A8EB6B-1EC2-4B82-9726-067702974DC5}.Debug|Any CPU.Build.0 = Debug|Any CPU
		{30A8EB6B-1EC2-4B82-9726-067702974DC5}.Release|Any CPU.ActiveCfg = Release|Any CPU
		{30A8EB6B-1EC2-4B82-9726-067702974DC5}.Release|Any CPU.Build.0 = Release|Any CPU
	EndGlobalSection
	GlobalSection(SolutionProperties) = preSolution
		HideSolutionNode = FALSE
	EndGlobalSection
	GlobalSection(ExtensibilityGlobals) = postSolution
		SolutionGuid = {BEDBC8EE-6CF9-4013-8B98-5DC0C2668886}
	EndGlobalSection
EndGlobal
